{
  "name": "claude-chan",
  "version": "1.0.1",
  "lockfileVersion": 3,
  "requires": true,
  "packages": {
    "": {
      "name": "claude-chan",
      "version": "1.0.1",
      "license": "MIT",
      "dependencies": {
        "claude-chan": "^1.0.0"
      },
      "bin": {
        "claude-chan": "bin/cli.js"
      },
      "engines": {
        "node": ">=18"
      }
    },
    "node_modules/claude-chan": {
      "version": "1.0.0",
      "resolved": "https://registry.npmjs.org/claude-chan/-/claude-chan-1.0.0.tgz",
      "integrity": "sha512-fJjeQGJdogpPGB22+KS6D8JRU88ybZtgdxoroBThOwVfCMWr8Wx5TOZYD3WVXbFJqMpE69Vx2woxvz6Qe5tktA==",
      "license": "MIT",
      "bin": {
        "claude-chan": "bin/cli.js"
      },
      "engines": {
        "node": ">=18"
      }
    }
  }
}
